
Microsoft Visual Studio Solution File, Format Version 12.00
# Visual Studio 15
VisualStudioVersion = 15.0.26730.15
MinimumVisualStudioVersion = 10.0.40219.1
Project("{FAE04EC0-301F-11D3-BF4B-00C04F79EFBC}") = "Xamarin.Android.Build", "Xamarin.Android.Build\Xamarin.Android.Build.csproj", "{B7A457E6-9CB6-43F6-BFD6-14D5397FB98D}"
EndProject
Project("{FAE04EC0-301F-11D3-BF4B-00C04F79EFBC}") = "Xamarin.Android.Build-Tests", "Xamarin.Android.Build-Tests\Xamarin.Android.Build-Tests.csproj", "{2943645C-8026-401C-84E5-A6166EFF216A}"
EndProject
Project("{2150E333-8FDC-42A3-9474-1A3956D46DE8}") = "samples", "samples", "{F4825319-89F4-4862-9012-9A13B87F2126}"
EndProject
Project("{FAE04EC0-301F-11D3-BF4B-00C04F79EFBC}") = "HelloWorld", "samples\HelloWorld\HelloWorld.csproj", "{2BBE7F7F-0B0E-41E5-9A4F-1196363592E7}"
EndProject
Global
	GlobalSection(SolutionConfigurationPlatforms) = preSolution
		Debug|Any CPU = Debug|Any CPU
		Release|Any CPU = Release|Any CPU
	EndGlobalSection
	GlobalSection(ProjectConfigurationPlatforms) = postSolution
		{B7A457E6-9CB6-43F6-BFD6-14D5397FB98D}.Debug|Any CPU.ActiveCfg = Debug|Any CPU
		{B7A457E6-9CB6-43F6-BFD6-14D5397FB98D}.Debug|Any CPU.Build.0 = Debug|Any CPU
		{B7A457E6-9CB6-43F6-BFD6-14D5397FB98D}.Release|Any CPU.ActiveCfg = Release|Any CPU
		{B7A457E6-9CB6-43F6-BFD6-14D5397FB98D}.Release|Any CPU.Build.0 = Release|Any CPU
		{2943645C-8026-401C-84E5-A6166EFF216A}.Debug|Any CPU.ActiveCfg = Debug|Any CPU
		{2943645C-8026-401C-84E5-A6166EFF216A}.Debug|Any CPU.Build.0 = Debug|Any CPU
		{2943645C-8026-401C-84E5-A6166EFF216A}.Release|Any CPU.ActiveCfg = Release|Any CPU
		{2943645C-8026-401C-84E5-A6166EFF216A}.Release|Any CPU.Build.0 = Release|Any CPU
		{2BBE7F7F-0B0E-41E5-9A4F-1196363592E7}.Debug|Any CPU.ActiveCfg = Debug|Any CPU
		{2BBE7F7F-0B0E-41E5-9A4F-1196363592E7}.Debug|Any CPU.Build.0 = Debug|Any CPU
		{2BBE7F7F-0B0E-41E5-9A4F-1196363592E7}.Debug|Any CPU.Deploy.0 = Debug|Any CPU
		{2BBE7F7F-0B0E-41E5-9A4F-1196363592E7}.Release|Any CPU.ActiveCfg = Release|Any CPU
		{2BBE7F7F-0B0E-41E5-9A4F-1196363592E7}.Release|Any CPU.Build.0 = Release|Any CPU
		{2BBE7F7F-0B0E-41E5-9A4F-1196363592E7}.Release|Any CPU.Deploy.0 = Release|Any CPU
	EndGlobalSection
	GlobalSection(SolutionProperties) = preSolution
		HideSolutionNode = FALSE
	EndGlobalSection
	GlobalSection(NestedProjects) = preSolution
		{2BBE7F7F-0B0E-41E5-9A4F-1196363592E7} = {F4825319-89F4-4862-9012-9A13B87F2126}
	EndGlobalSection
	GlobalSection(ExtensibilityGlobals) = postSolution
		SolutionGuid = {5F94C975-1A23-4830-87F6-A56BB2B7DCC9}
	EndGlobalSection
EndGlobal
