
Microsoft Visual Studio Solution File, Format Version 12.00
# Visual Studio 15
VisualStudioVersion = 15.0.26730.15
MinimumVisualStudioVersion = 10.0.40219.1
Project("{FAE04EC0-301F-11D3-BF4B-00C04F79EFBC}") = "Xamarin.Android.Build", "Xamarin.Android.Build\Xamarin.Android.Build.csproj", "{B7A457E6-9CB6-43F6-BFD6-14D5397FB98D}"
EndProject
Project("{FAE04EC0-301F-11D3-BF4B-00C04F79EFBC}") = "Xamarin.Android.Build-Tests", "Xamarin.Android.Build-Tests\Xamarin.Android.Build-Tests.csproj", "{2943645C-8026-401C-84E5-A6166EFF216A}"
EndProject
Project("{2150E333-8FDC-42A3-9474-1A3956D46DE8}") = "samples", "samples", "{F4825319-89F4-4862-9012-9A13B87F2126}"
EndProject
Project("{FAE04EC0-301F-11D3-BF4B-00C04F79EFBC}") = "HelloWorld", "samples\HelloWorld\HelloWorld.csproj", "{2BBE7F7F-0B0E-41E5-9A4F-1196363592E7}"
EndProject
Project("{FAE04EC0-301F-11D3-BF4B-00C04F79EFBC}") = "HelloForms.Android", "samples\HelloForms\HelloForms.Android\HelloForms.Android.csproj", "{1670278C-4573-4283-A728-A3A7A6CAB5A9}"
EndProject
Project("{FAE04EC0-301F-11D3-BF4B-00C04F79EFBC}") = "HelloForms", "samples\HelloForms\HelloForms\HelloForms.csproj", "{6B2502F2-B5C7-4E1A-8462-BC7BD4028078}"
EndProject
Global
	GlobalSection(SolutionConfigurationPlatforms) = preSolution
		Ad-Hoc|Any CPU = Ad-Hoc|Any CPU
		Ad-Hoc|iPhone = Ad-Hoc|iPhone
		Ad-Hoc|iPhoneSimulator = Ad-Hoc|iPhoneSimulator
		AppStore|Any CPU = AppStore|Any CPU
		AppStore|iPhone = AppStore|iPhone
		AppStore|iPhoneSimulator = AppStore|iPhoneSimulator
		Debug|Any CPU = Debug|Any CPU
		Debug|iPhone = Debug|iPhone
		Debug|iPhoneSimulator = Debug|iPhoneSimulator
		Release|Any CPU = Release|Any CPU
		Release|iPhone = Release|iPhone
		Release|iPhoneSimulator = Release|iPhoneSimulator
	EndGlobalSection
	GlobalSection(ProjectConfigurationPlatforms) = postSolution
		{B7A457E6-9CB6-43F6-BFD6-14D5397FB98D}.Ad-Hoc|Any CPU.ActiveCfg = Release|Any CPU
		{B7A457E6-9CB6-43F6-BFD6-14D5397FB98D}.Ad-Hoc|Any CPU.Build.0 = Release|Any CPU
		{B7A457E6-9CB6-43F6-BFD6-14D5397FB98D}.Ad-Hoc|iPhone.ActiveCfg = Release|Any CPU
		{B7A457E6-9CB6-43F6-BFD6-14D5397FB98D}.Ad-Hoc|iPhone.Build.0 = Release|Any CPU
		{B7A457E6-9CB6-43F6-BFD6-14D5397FB98D}.Ad-Hoc|iPhoneSimulator.ActiveCfg = Release|Any CPU
		{B7A457E6-9CB6-43F6-BFD6-14D5397FB98D}.Ad-Hoc|iPhoneSimulator.Build.0 = Release|Any CPU
		{B7A457E6-9CB6-43F6-BFD6-14D5397FB98D}.AppStore|Any CPU.ActiveCfg = Release|Any CPU
		{B7A457E6-9CB6-43F6-BFD6-14D5397FB98D}.AppStore|Any CPU.Build.0 = Release|Any CPU
		{B7A457E6-9CB6-43F6-BFD6-14D5397FB98D}.AppStore|iPhone.ActiveCfg = Release|Any CPU
		{B7A457E6-9CB6-43F6-BFD6-14D5397FB98D}.AppStore|iPhone.Build.0 = Release|Any CPU
		{B7A457E6-9CB6-43F6-BFD6-14D5397FB98D}.AppStore|iPhoneSimulator.ActiveCfg = Release|Any CPU
		{B7A457E6-9CB6-43F6-BFD6-14D5397FB98D}.AppStore|iPhoneSimulator.Build.0 = Release|Any CPU
		{B7A457E6-9CB6-43F6-BFD6-14D5397FB98D}.Debug|Any CPU.ActiveCfg = Debug|Any CPU
		{B7A457E6-9CB6-43F6-BFD6-14D5397FB98D}.Debug|Any CPU.Build.0 = Debug|Any CPU
		{B7A457E6-9CB6-43F6-BFD6-14D5397FB98D}.Debug|iPhone.ActiveCfg = Debug|Any CPU
		{B7A457E6-9CB6-43F6-BFD6-14D5397FB98D}.Debug|iPhone.Build.0 = Debug|Any CPU
		{B7A457E6-9CB6-43F6-BFD6-14D5397FB98D}.Debug|iPhoneSimulator.ActiveCfg = Debug|Any CPU
		{B7A457E6-9CB6-43F6-BFD6-14D5397FB98D}.Debug|iPhoneSimulator.Build.0 = Debug|Any CPU
		{B7A457E6-9CB6-43F6-BFD6-14D5397FB98D}.Release|Any CPU.ActiveCfg = Release|Any CPU
		{B7A457E6-9CB6-43F6-BFD6-14D5397FB98D}.Release|Any CPU.Build.0 = Release|Any CPU
		{B7A457E6-9CB6-43F6-BFD6-14D5397FB98D}.Release|iPhone.ActiveCfg = Release|Any CPU
		{B7A457E6-9CB6-43F6-BFD6-14D5397FB98D}.Release|iPhone.Build.0 = Release|Any CPU
		{B7A457E6-9CB6-43F6-BFD6-14D5397FB98D}.Release|iPhoneSimulator.ActiveCfg = Release|Any CPU
		{B7A457E6-9CB6-43F6-BFD6-14D5397FB98D}.Release|iPhoneSimulator.Build.0 = Release|Any CPU
		{2943645C-8026-401C-84E5-A6166EFF216A}.Ad-Hoc|Any CPU.ActiveCfg = Release|Any CPU
		{2943645C-8026-401C-84E5-A6166EFF216A}.Ad-Hoc|Any CPU.Build.0 = Release|Any CPU
		{2943645C-8026-401C-84E5-A6166EFF216A}.Ad-Hoc|iPhone.ActiveCfg = Release|Any CPU
		{2943645C-8026-401C-84E5-A6166EFF216A}.Ad-Hoc|iPhone.Build.0 = Release|Any CPU
		{2943645C-8026-401C-84E5-A6166EFF216A}.Ad-Hoc|iPhoneSimulator.ActiveCfg = Release|Any CPU
		{2943645C-8026-401C-84E5-A6166EFF216A}.Ad-Hoc|iPhoneSimulator.Build.0 = Release|Any CPU
		{2943645C-8026-401C-84E5-A6166EFF216A}.AppStore|Any CPU.ActiveCfg = Release|Any CPU
		{2943645C-8026-401C-84E5-A6166EFF216A}.AppStore|Any CPU.Build.0 = Release|Any CPU
		{2943645C-8026-401C-84E5-A6166EFF216A}.AppStore|iPhone.ActiveCfg = Release|Any CPU
		{2943645C-8026-401C-84E5-A6166EFF216A}.AppStore|iPhone.Build.0 = Release|Any CPU
		{2943645C-8026-401C-84E5-A6166EFF216A}.AppStore|iPhoneSimulator.ActiveCfg = Release|Any CPU
		{2943645C-8026-401C-84E5-A6166EFF216A}.AppStore|iPhoneSimulator.Build.0 = Release|Any CPU
		{2943645C-8026-401C-84E5-A6166EFF216A}.Debug|Any CPU.ActiveCfg = Debug|Any CPU
		{2943645C-8026-401C-84E5-A6166EFF216A}.Debug|Any CPU.Build.0 = Debug|Any CPU
		{2943645C-8026-401C-84E5-A6166EFF216A}.Debug|iPhone.ActiveCfg = Debug|Any CPU
		{2943645C-8026-401C-84E5-A6166EFF216A}.Debug|iPhone.Build.0 = Debug|Any CPU
		{2943645C-8026-401C-84E5-A6166EFF216A}.Debug|iPhoneSimulator.ActiveCfg = Debug|Any CPU
		{2943645C-8026-401C-84E5-A6166EFF216A}.Debug|iPhoneSimulator.Build.0 = Debug|Any CPU
		{2943645C-8026-401C-84E5-A6166EFF216A}.Release|Any CPU.ActiveCfg = Release|Any CPU
		{2943645C-8026-401C-84E5-A6166EFF216A}.Release|Any CPU.Build.0 = Release|Any CPU
		{2943645C-8026-401C-84E5-A6166EFF216A}.Release|iPhone.ActiveCfg = Release|Any CPU
		{2943645C-8026-401C-84E5-A6166EFF216A}.Release|iPhone.Build.0 = Release|Any CPU
		{2943645C-8026-401C-84E5-A6166EFF216A}.Release|iPhoneSimulator.ActiveCfg = Release|Any CPU
		{2943645C-8026-401C-84E5-A6166EFF216A}.Release|iPhoneSimulator.Build.0 = Release|Any CPU
		{2BBE7F7F-0B0E-41E5-9A4F-1196363592E7}.Ad-Hoc|Any CPU.ActiveCfg = Release|Any CPU
		{2BBE7F7F-0B0E-41E5-9A4F-1196363592E7}.Ad-Hoc|Any CPU.Build.0 = Release|Any CPU
		{2BBE7F7F-0B0E-41E5-9A4F-1196363592E7}.Ad-Hoc|Any CPU.Deploy.0 = Release|Any CPU
		{2BBE7F7F-0B0E-41E5-9A4F-1196363592E7}.Ad-Hoc|iPhone.ActiveCfg = Release|Any CPU
		{2BBE7F7F-0B0E-41E5-9A4F-1196363592E7}.Ad-Hoc|iPhone.Build.0 = Release|Any CPU
		{2BBE7F7F-0B0E-41E5-9A4F-1196363592E7}.Ad-Hoc|iPhone.Deploy.0 = Release|Any CPU
		{2BBE7F7F-0B0E-41E5-9A4F-1196363592E7}.Ad-Hoc|iPhoneSimulator.ActiveCfg = Release|Any CPU
		{2BBE7F7F-0B0E-41E5-9A4F-1196363592E7}.Ad-Hoc|iPhoneSimulator.Build.0 = Release|Any CPU
		{2BBE7F7F-0B0E-41E5-9A4F-1196363592E7}.Ad-Hoc|iPhoneSimulator.Deploy.0 = Release|Any CPU
		{2BBE7F7F-0B0E-41E5-9A4F-1196363592E7}.AppStore|Any CPU.ActiveCfg = Release|Any CPU
		{2BBE7F7F-0B0E-41E5-9A4F-1196363592E7}.AppStore|Any CPU.Build.0 = Release|Any CPU
		{2BBE7F7F-0B0E-41E5-9A4F-1196363592E7}.AppStore|Any CPU.Deploy.0 = Release|Any CPU
		{2BBE7F7F-0B0E-41E5-9A4F-1196363592E7}.AppStore|iPhone.ActiveCfg = Release|Any CPU
		{2BBE7F7F-0B0E-41E5-9A4F-1196363592E7}.AppStore|iPhone.Build.0 = Release|Any CPU
		{2BBE7F7F-0B0E-41E5-9A4F-1196363592E7}.AppStore|iPhone.Deploy.0 = Release|Any CPU
		{2BBE7F7F-0B0E-41E5-9A4F-1196363592E7}.AppStore|iPhoneSimulator.ActiveCfg = Release|Any CPU
		{2BBE7F7F-0B0E-41E5-9A4F-1196363592E7}.AppStore|iPhoneSimulator.Build.0 = Release|Any CPU
		{2BBE7F7F-0B0E-41E5-9A4F-1196363592E7}.AppStore|iPhoneSimulator.Deploy.0 = Release|Any CPU
		{2BBE7F7F-0B0E-41E5-9A4F-1196363592E7}.Debug|Any CPU.ActiveCfg = Debug|Any CPU
		{2BBE7F7F-0B0E-41E5-9A4F-1196363592E7}.Debug|Any CPU.Build.0 = Debug|Any CPU
		{2BBE7F7F-0B0E-41E5-9A4F-1196363592E7}.Debug|Any CPU.Deploy.0 = Debug|Any CPU
		{2BBE7F7F-0B0E-41E5-9A4F-1196363592E7}.Debug|iPhone.ActiveCfg = Debug|Any CPU
		{2BBE7F7F-0B0E-41E5-9A4F-1196363592E7}.Debug|iPhone.Build.0 = Debug|Any CPU
		{2BBE7F7F-0B0E-41E5-9A4F-1196363592E7}.Debug|iPhone.Deploy.0 = Debug|Any CPU
		{2BBE7F7F-0B0E-41E5-9A4F-1196363592E7}.Debug|iPhoneSimulator.ActiveCfg = Debug|Any CPU
		{2BBE7F7F-0B0E-41E5-9A4F-1196363592E7}.Debug|iPhoneSimulator.Build.0 = Debug|Any CPU
		{2BBE7F7F-0B0E-41E5-9A4F-1196363592E7}.Debug|iPhoneSimulator.Deploy.0 = Debug|Any CPU
		{2BBE7F7F-0B0E-41E5-9A4F-1196363592E7}.Release|Any CPU.ActiveCfg = Release|Any CPU
		{2BBE7F7F-0B0E-41E5-9A4F-1196363592E7}.Release|Any CPU.Build.0 = Release|Any CPU
		{2BBE7F7F-0B0E-41E5-9A4F-1196363592E7}.Release|Any CPU.Deploy.0 = Release|Any CPU
		{2BBE7F7F-0B0E-41E5-9A4F-1196363592E7}.Release|iPhone.ActiveCfg = Release|Any CPU
		{2BBE7F7F-0B0E-41E5-9A4F-1196363592E7}.Release|iPhone.Build.0 = Release|Any CPU
		{2BBE7F7F-0B0E-41E5-9A4F-1196363592E7}.Release|iPhone.Deploy.0 = Release|Any CPU
		{2BBE7F7F-0B0E-41E5-9A4F-1196363592E7}.Release|iPhoneSimulator.ActiveCfg = Release|Any CPU
		{2BBE7F7F-0B0E-41E5-9A4F-1196363592E7}.Release|iPhoneSimulator.Build.0 = Release|Any CPU
		{2BBE7F7F-0B0E-41E5-9A4F-1196363592E7}.Release|iPhoneSimulator.Deploy.0 = Release|Any CPU
		{1670278C-4573-4283-A728-A3A7A6CAB5A9}.Ad-Hoc|Any CPU.ActiveCfg = Release|Any CPU
		{1670278C-4573-4283-A728-A3A7A6CAB5A9}.Ad-Hoc|Any CPU.Build.0 = Release|Any CPU
		{1670278C-4573-4283-A728-A3A7A6CAB5A9}.Ad-Hoc|Any CPU.Deploy.0 = Release|Any CPU
		{1670278C-4573-4283-A728-A3A7A6CAB5A9}.Ad-Hoc|iPhone.ActiveCfg = Release|Any CPU
		{1670278C-4573-4283-A728-A3A7A6CAB5A9}.Ad-Hoc|iPhone.Build.0 = Release|Any CPU
		{1670278C-4573-4283-A728-A3A7A6CAB5A9}.Ad-Hoc|iPhone.Deploy.0 = Release|Any CPU
		{1670278C-4573-4283-A728-A3A7A6CAB5A9}.Ad-Hoc|iPhoneSimulator.ActiveCfg = Release|Any CPU
		{1670278C-4573-4283-A728-A3A7A6CAB5A9}.Ad-Hoc|iPhoneSimulator.Build.0 = Release|Any CPU
		{1670278C-4573-4283-A728-A3A7A6CAB5A9}.Ad-Hoc|iPhoneSimulator.Deploy.0 = Release|Any CPU
		{1670278C-4573-4283-A728-A3A7A6CAB5A9}.AppStore|Any CPU.ActiveCfg = Release|Any CPU
		{1670278C-4573-4283-A728-A3A7A6CAB5A9}.AppStore|Any CPU.Build.0 = Release|Any CPU
		{1670278C-4573-4283-A728-A3A7A6CAB5A9}.AppStore|Any CPU.Deploy.0 = Release|Any CPU
		{1670278C-4573-4283-A728-A3A7A6CAB5A9}.AppStore|iPhone.ActiveCfg = Release|Any CPU
		{1670278C-4573-4283-A728-A3A7A6CAB5A9}.AppStore|iPhone.Build.0 = Release|Any CPU
		{1670278C-4573-4283-A728-A3A7A6CAB5A9}.AppStore|iPhone.Deploy.0 = Release|Any CPU
		{1670278C-4573-4283-A728-A3A7A6CAB5A9}.AppStore|iPhoneSimulator.ActiveCfg = Release|Any CPU
		{1670278C-4573-4283-A728-A3A7A6CAB5A9}.AppStore|iPhoneSimulator.Build.0 = Release|Any CPU
		{1670278C-4573-4283-A728-A3A7A6CAB5A9}.AppStore|iPhoneSimulator.Deploy.0 = Release|Any CPU
		{1670278C-4573-4283-A728-A3A7A6CAB5A9}.Debug|Any CPU.ActiveCfg = Debug|Any CPU
		{1670278C-4573-4283-A728-A3A7A6CAB5A9}.Debug|Any CPU.Build.0 = Debug|Any CPU
		{1670278C-4573-4283-A728-A3A7A6CAB5A9}.Debug|Any CPU.Deploy.0 = Debug|Any CPU
		{1670278C-4573-4283-A728-A3A7A6CAB5A9}.Debug|iPhone.ActiveCfg = Debug|Any CPU
		{1670278C-4573-4283-A728-A3A7A6CAB5A9}.Debug|iPhone.Build.0 = Debug|Any CPU
		{1670278C-4573-4283-A728-A3A7A6CAB5A9}.Debug|iPhone.Deploy.0 = Debug|Any CPU
		{1670278C-4573-4283-A728-A3A7A6CAB5A9}.Debug|iPhoneSimulator.ActiveCfg = Debug|Any CPU
		{1670278C-4573-4283-A728-A3A7A6CAB5A9}.Debug|iPhoneSimulator.Build.0 = Debug|Any CPU
		{1670278C-4573-4283-A728-A3A7A6CAB5A9}.Debug|iPhoneSimulator.Deploy.0 = Debug|Any CPU
		{1670278C-4573-4283-A728-A3A7A6CAB5A9}.Release|Any CPU.ActiveCfg = Release|Any CPU
		{1670278C-4573-4283-A728-A3A7A6CAB5A9}.Release|Any CPU.Build.0 = Release|Any CPU
		{1670278C-4573-4283-A728-A3A7A6CAB5A9}.Release|Any CPU.Deploy.0 = Release|Any CPU
		{1670278C-4573-4283-A728-A3A7A6CAB5A9}.Release|iPhone.ActiveCfg = Release|Any CPU
		{1670278C-4573-4283-A728-A3A7A6CAB5A9}.Release|iPhone.Build.0 = Release|Any CPU
		{1670278C-4573-4283-A728-A3A7A6CAB5A9}.Release|iPhone.Deploy.0 = Release|Any CPU
		{1670278C-4573-4283-A728-A3A7A6CAB5A9}.Release|iPhoneSimulator.ActiveCfg = Release|Any CPU
		{1670278C-4573-4283-A728-A3A7A6CAB5A9}.Release|iPhoneSimulator.Build.0 = Release|Any CPU
		{1670278C-4573-4283-A728-A3A7A6CAB5A9}.Release|iPhoneSimulator.Deploy.0 = Release|Any CPU
		{6B2502F2-B5C7-4E1A-8462-BC7BD4028078}.Ad-Hoc|Any CPU.ActiveCfg = Release|Any CPU
		{6B2502F2-B5C7-4E1A-8462-BC7BD4028078}.Ad-Hoc|Any CPU.Build.0 = Release|Any CPU
		{6B2502F2-B5C7-4E1A-8462-BC7BD4028078}.Ad-Hoc|iPhone.ActiveCfg = Release|Any CPU
		{6B2502F2-B5C7-4E1A-8462-BC7BD4028078}.Ad-Hoc|iPhone.Build.0 = Release|Any CPU
		{6B2502F2-B5C7-4E1A-8462-BC7BD4028078}.Ad-Hoc|iPhoneSimulator.ActiveCfg = Release|Any CPU
		{6B2502F2-B5C7-4E1A-8462-BC7BD4028078}.Ad-Hoc|iPhoneSimulator.Build.0 = Release|Any CPU
		{6B2502F2-B5C7-4E1A-8462-BC7BD4028078}.AppStore|Any CPU.ActiveCfg = Release|Any CPU
		{6B2502F2-B5C7-4E1A-8462-BC7BD4028078}.AppStore|Any CPU.Build.0 = Release|Any CPU
		{6B2502F2-B5C7-4E1A-8462-BC7BD4028078}.AppStore|iPhone.ActiveCfg = Release|Any CPU
		{6B2502F2-B5C7-4E1A-8462-BC7BD4028078}.AppStore|iPhone.Build.0 = Release|Any CPU
		{6B2502F2-B5C7-4E1A-8462-BC7BD4028078}.AppStore|iPhoneSimulator.ActiveCfg = Release|Any CPU
		{6B2502F2-B5C7-4E1A-8462-BC7BD4028078}.AppStore|iPhoneSimulator.Build.0 = Release|Any CPU
		{6B2502F2-B5C7-4E1A-8462-BC7BD4028078}.Debug|Any CPU.ActiveCfg = Debug|Any CPU
		{6B2502F2-B5C7-4E1A-8462-BC7BD4028078}.Debug|Any CPU.Build.0 = Debug|Any CPU
		{6B2502F2-B5C7-4E1A-8462-BC7BD4028078}.Debug|iPhone.ActiveCfg = Debug|Any CPU
		{6B2502F2-B5C7-4E1A-8462-BC7BD4028078}.Debug|iPhone.Build.0 = Debug|Any CPU
		{6B2502F2-B5C7-4E1A-8462-BC7BD4028078}.Debug|iPhoneSimulator.ActiveCfg = Debug|Any CPU
		{6B2502F2-B5C7-4E1A-8462-BC7BD4028078}.Debug|iPhoneSimulator.Build.0 = Debug|Any CPU
		{6B2502F2-B5C7-4E1A-8462-BC7BD4028078}.Release|Any CPU.ActiveCfg = Release|Any CPU
		{6B2502F2-B5C7-4E1A-8462-BC7BD4028078}.Release|Any CPU.Build.0 = Release|Any CPU
		{6B2502F2-B5C7-4E1A-8462-BC7BD4028078}.Release|iPhone.ActiveCfg = Release|Any CPU
		{6B2502F2-B5C7-4E1A-8462-BC7BD4028078}.Release|iPhone.Build.0 = Release|Any CPU
		{6B2502F2-B5C7-4E1A-8462-BC7BD4028078}.Release|iPhoneSimulator.ActiveCfg = Release|Any CPU
		{6B2502F2-B5C7-4E1A-8462-BC7BD4028078}.Release|iPhoneSimulator.Build.0 = Release|Any CPU
	EndGlobalSection
	GlobalSection(SolutionProperties) = preSolution
		HideSolutionNode = FALSE
	EndGlobalSection
	GlobalSection(NestedProjects) = preSolution
		{2BBE7F7F-0B0E-41E5-9A4F-1196363592E7} = {F4825319-89F4-4862-9012-9A13B87F2126}
		{1670278C-4573-4283-A728-A3A7A6CAB5A9} = {F4825319-89F4-4862-9012-9A13B87F2126}
		{6B2502F2-B5C7-4E1A-8462-BC7BD4028078} = {F4825319-89F4-4862-9012-9A13B87F2126}
	EndGlobalSection
	GlobalSection(ExtensibilityGlobals) = postSolution
		SolutionGuid = {5F94C975-1A23-4830-87F6-A56BB2B7DCC9}
	EndGlobalSection
EndGlobal
